{
  "originHash" : "acb0598f3c1fbc9ed902325c2226e85c62326834d8e417ed6e6c098e382b34ea",
  "pins" : [
    {
      "identity" : "scas",
      "kind" : "remoteSourceControl",
      "location" : "https://github.com/Lancelotbronner/scas",
      "state" : {
        "revision" : "f333a1d3a6c16bb7d5c40d920edba31399294874"
      }
    }
  ],
  "version" : 3
}
